PODS:
  - HorizontalScrollView (0.0.1):
    - Masonry (~> 1.1.0)
  - Masonry (1.1.0)

DEPENDENCIES:
  - HorizontalScrollView (from `../`)

SPEC REPOS:
  https://github.com/cocoapods/specs.git:
    - Masonry

EXTERNAL SOURCES:
  HorizontalScrollView:
    :path: "../"

SPEC CHECKSUMS:
  HorizontalScrollView: 9e94eb47074bcd8368326121e8f93dfea2106c82
  Masonry: 678fab65091a9290e40e2832a55e7ab731aad201

PODFILE CHECKSUM: a2fe24e356c8434fc126b341edde96da38a99491

COCOAPODS: 1.7.1
